// !$*UTF8*$!
{
	archiveVersion = 1;
	classes = {
	};
	objectVersion = 56;
	objects = {

/* Begin PBXBuildFile section */
		83669CDB296C010900B7642E /* BillDemoApp.swift in Sources */ = {isa = PBXBuildFile; fileRef = 83669CDA296C010900B7642E /* BillDemoApp.swift */; };
		83669CDD296C010900B7642E /* ContentView.swift in Sources */ = {isa = PBXBuildFile; fileRef = 83669CDC296C010900B7642E /* ContentView.swift */; };
		83669CDF296C010A00B7642E /* Assets.xcassets in Resources */ = {isa = PBXBuildFile; fileRef = 83669CDE296C010A00B7642E /* Assets.xcassets */; };
		83669CE2296C010A00B7642E /* Preview Assets.xcassets in Resources */ = {isa = PBXBuildFile; fileRef = 83669CE1296C010A00B7642E /* Preview Assets.xcassets */; };
		83669CE9296C025100B7642E /* BillRowView.swift in Sources */ = {isa = PBXBuildFile; fileRef = 83669CE8296C025100B7642E /* BillRowView.swift */; };
		83669CED296C059500B7642E /* BillAddView.swift in Sources */ = {isa = PBXBuildFile; fileRef = 83669CEC296C059500B7642E /* BillAddView.swift */; };
		83669CEF296C0BE800B7642E /* BillModel.swift in Sources */ = {isa = PBXBuildFile; fileRef = 83669CEE296C0BE800B7642E /* BillModel.swift */; };
		83669CF1296C4E5800B7642E /* BillViewModel.swift in Sources */ = {isa = PBXBuildFile; fileRef = 83669CF0296C4E5800B7642E /* BillViewModel.swift */; };
/* End PBXBuildFile section */

/* Begin PBXFileReference section */
		83669CD7296C010900B7642E /* BillDemo.app */ = {isa = PBXFileReference; explicitFileType = wrapper.application; includeInIndex = 0; path = BillDemo.app; sourceTree = BUILT_PRODUCTS_DIR; };
		83669CDA296C010900B7642E /* BillDemoApp.swift */ = {isa = PBXFileReference; lastKnownFileType = sourcecode.swift; path = BillDemoApp.swift; sourceTree = "<group>"; };
		83669CDC296C010900B7642E /* ContentView.swift */ = {isa = PBXFileReference; lastKnownFileType = sourcecode.swift; path = ContentView.swift; sourceTree = "<group>"; };
		83669CDE296C010A00B7642E /* Assets.xcassets */ = {isa = PBXFileReference; lastKnownFileType = folder.assetcatalog; path = Assets.xcassets; sourceTree = "<group>"; };
		83669CE1296C010A00B7642E /* Preview Assets.xcassets */ = {isa = PBXFileReference; lastKnownFileType = folder.assetcatalog; path = "Preview Assets.xcassets"; sourceTree = "<group>"; };
		83669CE8296C025100B7642E /* BillRowView.swift */ = {isa = PBXFileReference; lastKnownFileType = sourcecode.swift; path = BillRowView.swift; sourceTree = "<group>"; };
		83669CEC296C059500B7642E /* BillAddView.swift */ = {isa = PBXFileReference; lastKnownFileType = sourcecode.swift; path = BillAddView.swift; sourceTree = "<group>"; };
		83669CEE296C0BE800B7642E /* BillModel.swift */ = {isa = PBXFileReference; lastKnownFileType = sourcecode.swift; path = BillModel.swift; sourceTree = "<group>"; };
		83669CF0296C4E5800B7642E /* BillViewModel.swift */ = {isa = PBXFileReference; lastKnownFileType = sourcecode.swift; path = BillViewModel.swift; sourceTree = "<group>"; };
/* End PBXFileReference section */

/* Begin PBXFrameworksBuildPhase section */
		83669CD4296C010900B7642E /* Frameworks */ = {
			isa = PBXFrameworksBuildPhase;
			buildActionMask = 2147483647;
			files = (
			);
			runOnlyForDeploymentPostprocessing = 0;
		};
/* End PBXFrameworksBuildPhase section */

/* Begin PBXGroup section */
		83669CCE296C010900B7642E = {
			isa = PBXGroup;
			children = (
				83669CD9296C010900B7642E /* BillDemo */,
				83669CD8296C010900B7642E /* Products */,
			);
			sourceTree = "<group>";
		};
		83669CD8296C010900B7642E /* Products */ = {
			isa = PBXGroup;
			children = (
				83669CD7296C010900B7642E /* BillDemo.app */,
			);
			name = Products;
			sourceTree = "<group>";
		};
		83669CD9296C010900B7642E /* BillDemo */ = {
			isa = PBXGroup;
			children = (
				83669CDA296C010900B7642E /* BillDemoApp.swift */,
				83669CDC296C010900B7642E /* ContentView.swift */,
				83669CF0296C4E5800B7642E /* BillViewModel.swift */,
				83669CEE296C0BE800B7642E /* BillModel.swift */,
				83669CE8296C025100B7642E /* BillRowView.swift */,
				83669CEC296C059500B7642E /* BillAddView.swift */,
				83669CDE296C010A00B7642E /* Assets.xcassets */,
				83669CE0296C010A00B7642E /* Preview Content */,
			);
			path = BillDemo;
			sourceTree = "<group>";
		};
		83669CE0296C010A00B7642E /* Preview Content */ = {
			isa = PBXGroup;
			children = (
				83669CE1296C010A00B7642E /* Preview Assets.xcassets */,
			);
			path = "Preview Content";
			sourceTree = "<group>";
		};
/* End PBXGroup section */

/* Begin PBXNativeTarget section */
		83669CD6296C010900B7642E /* BillDemo */ = {
			isa = PBXNativeTarget;
			buildConfigurationList = 83669CE5296C010A00B7642E /* Build configuration list for PBXNativeTarget "BillDemo" */;
			buildPhases = (
				83669CD3296C010900B7642E /* Sources */,
				83669CD4296C010900B7642E /* Frameworks */,
				83669CD5296C010900B7642E /* Resources */,
			);
			buildRules = (
			);
			dependencies = (
			);
			name = BillDemo;
			productName = BillDemo;
			productReference = 83669CD7296C010900B7642E /* BillDemo.app */;
			productType = "com.apple.product-type.application";
		};
/* End PBXNativeTarget section */

/* Begin PBXProject section */
		83669CCF296C010900B7642E /* Project object */ = {
			isa = PBXProject;
			attributes = {
				BuildIndependentTargetsInParallel = 1;
				LastSwiftUpdateCheck = 1400;
				LastUpgradeCheck = 1400;
				TargetAttributes = {
					83669CD6296C010900B7642E = {
						CreatedOnToolsVersion = 14.0;
					};
				};
			};
			buildConfigurationList = 83669CD2296C010900B7642E /* Build configuration list for PBXProject "BillDemo" */;
			compatibilityVersion = "Xcode 14.0";
			developmentRegion = en;
			hasScannedForEncodings = 0;
			knownRegions = (
				en,
				Base,
			);
			mainGroup = 83669CCE296C010900B7642E;
			productRefGroup = 83669CD8296C010900B7642E /* Products */;
			projectDirPath = "";
			projectRoot = "";
			targets = (
				83669CD6296C010900B7642E /* BillDemo */,
			);
		};
/* End PBXProject section */

/* Begin PBXResourcesBuildPhase section */
		83669CD5296C010900B7642E /* Resources */ = {
			isa = PBXResourcesBuildPhase;
			buildActionMask = 2147483647;
			files = (
				83669CE2296C010A00B7642E /* Preview Assets.xcassets in Resources */,
				83669CDF296C010A00B7642E /* Assets.xcassets in Resources */,
			);
			runOnlyForDeploymentPostprocessing = 0;
		};
/* End PBXResourcesBuildPhase section */

/* Begin PBXSourcesBuildPhase section */
		83669CD3296C010900B7642E /* Sources */ = {
			isa = PBXSourcesBuildPhase;
			buildActionMask = 2147483647;
			files = (
				83669CDD296C010900B7642E /* ContentView.swift in Sources */,
				83669CDB296C010900B7642E /* BillDemoApp.swift in Sources */,
				83669CE9296C025100B7642E /* BillRowView.swift in Sources */,
				83669CEF296C0BE800B7642E /* BillModel.swift in Sources */,
				83669CF1296C4E5800B7642E /* BillViewModel.swift in Sources */,
				83669CED296C059500B7642E /* BillAddView.swift in Sources */,
			);
			runOnlyForDeploymentPostprocessing = 0;
		};
/* End PBXSourcesBuildPhase section */

/* Begin XCBuildConfiguration section */
		83669CE3296C010A00B7642E /* Debug */ = {
			isa = XCBuildConfiguration;
			buildSettings = {
				ALWAYS_SEARCH_USER_PATHS = NO;
				CLANG_ANALYZER_NONNULL = YES;
				CLANG_ANALYZER_NUMBER_OBJECT_CONVERSION = YES_AGGRESSIVE;
				CLANG_CXX_LANGUAGE_STANDARD = "gnu++20";
				CLANG_ENABLE_MODULES = YES;
				CLANG_ENABLE_OBJC_ARC = YES;
				CLANG_ENABLE_OBJC_WEAK = YES;
				CLANG_WARN_BLOCK_CAPTURE_AUTORELEASING = YES;
				CLANG_WARN_BOOL_CONVERSION = YES;
				CLANG_WARN_COMMA = YES;
				CLANG_WARN_CONSTANT_CONVERSION = YES;
				CLANG_WARN_DEPRECATED_OBJC_IMPLEMENTATIONS = YES;
				CLANG_WARN_DIRECT_OBJC_ISA_USAGE = YES_ERROR;
				CLANG_WARN_DOCUMENTATION_COMMENTS = YES;
				CLANG_WARN_EMPTY_BODY = YES;
				CLANG_WARN_ENUM_CONVERSION = YES;
				CLANG_WARN_INFINITE_RECURSION = YES;
				CLANG_WARN_INT_CONVERSION = YES;
				CLANG_WARN_NON_LITERAL_NULL_CONVERSION = YES;
				CLANG_WARN_OBJC_IMPLICIT_RETAIN_SELF = YES;
				CLANG_WARN_OBJC_LITERAL_CONVERSION = YES;
				CLANG_WARN_OBJC_ROOT_CLASS = YES_ERROR;
				CLANG_WARN_QUOTED_INCLUDE_IN_FRAMEWORK_HEADER = YES;
				CLANG_WARN_RANGE_LOOP_ANALYSIS = YES;
				CLANG_WARN_STRICT_PROTOTYPES = YES;
				CLANG_WARN_SUSPICIOUS_MOVE = YES;
				CLANG_WARN_UNGUARDED_AVAILABILITY = YES_AGGRESSIVE;
				CLANG_WARN_UNREACHABLE_CODE = YES;
				CLANG_WARN__DUPLICATE_METHOD_MATCH = YES;
				COPY_PHASE_STRIP = NO;
				DEBUG_INFORMATION_FORMAT = dwarf;
				ENABLE_STRICT_OBJC_MSGSEND = YES;
				ENABLE_TESTABILITY = YES;
				GCC_C_LANGUAGE_STANDARD = gnu11;
				GCC_DYNAMIC_NO_PIC = NO;
				GCC_NO_COMMON_BLOCKS = YES;
				GCC_OPTIMIZATION_LEVEL = 0;
				GCC_PREPROCESSOR_DEFINITIONS = (
					"DEBUG=1",
					"$(inherited)",
				);
				GCC_WARN_64_TO_32_BIT_CONVERSION = YES;
				GCC_WARN_ABOUT_RETURN_TYPE = YES_ERROR;
				GCC_WARN_UNDECLARED_SELECTOR = YES;
				GCC_WARN_UNINITIALIZED_AUTOS = YES_AGGRESSIVE;
				GCC_WARN_UNUSED_FUNCTION = YES;
				GCC_WARN_UNUSED_VARIABLE = YES;
				IPHONEOS_DEPLOYMENT_TARGET = 16.0;
				MTL_ENABLE_DEBUG_INFO = INCLUDE_SOURCE;
				MTL_FAST_MATH = YES;
				ONLY_ACTIVE_ARCH = YES;
				SDKROOT = iphoneos;
				SWIFT_ACTIVE_COMPILATION_CONDITIONS = DEBUG;
				SWIFT_OPTIMIZATION_LEVEL = "-Onone";
			};
			name = Debug;
		};
		83669CE4296C010A00B7642E /* Release */ = {
			isa = XCBuildConfiguration;
			buildSettings = {
				ALWAYS_SEARCH_USER_PATHS = NO;
				CLANG_ANALYZER_NONNULL = YES;
				CLANG_ANALYZER_NUMBER_OBJECT_CONVERSION = YES_AGGRESSIVE;
				CLANG_CXX_LANGUAGE_STANDARD = "gnu++20";
				CLANG_ENABLE_MODULES = YES;
				CLANG_ENABLE_OBJC_ARC = YES;
				CLANG_ENABLE_OBJC_WEAK = YES;
				CLANG_WARN_BLOCK_CAPTURE_AUTORELEASING = YES;
				CLANG_WARN_BOOL_CONVERSION = YES;
				CLANG_WARN_COMMA = YES;
				CLANG_WARN_CONSTANT_CONVERSION = YES;
				CLANG_WARN_DEPRECATED_OBJC_IMPLEMENTATIONS = YES;
				CLANG_WARN_DIRECT_OBJC_ISA_USAGE = YES_ERROR;
				CLANG_WARN_DOCUMENTATION_COMMENTS = YES;
				CLANG_WARN_EMPTY_BODY = YES;
				CLANG_WARN_ENUM_CONVERSION = YES;
				CLANG_WARN_INFINITE_RECURSION = YES;
				CLANG_WARN_INT_CONVERSION = YES;
				CLANG_WARN_NON_LITERAL_NULL_CONVERSION = YES;
				CLANG_WARN_OBJC_IMPLICIT_RETAIN_SELF = YES;
				CLANG_WARN_OBJC_LITERAL_CONVERSION = YES;
				CLANG_WARN_OBJC_ROOT_CLASS = YES_ERROR;
				CLANG_WARN_QUOTED_INCLUDE_IN_FRAMEWORK_HEADER = YES;
				CLANG_WARN_RANGE_LOOP_ANALYSIS = YES;
				CLANG_WARN_STRICT_PROTOTYPES = YES;
				CLANG_WARN_SUSPICIOUS_MOVE = YES;
				CLANG_WARN_UNGUARDED_AVAILABILITY = YES_AGGRESSIVE;
				CLANG_WARN_UNREACHABLE_CODE = YES;
				CLANG_WARN__DUPLICATE_METHOD_MATCH = YES;
				COPY_PHASE_STRIP = NO;
				DEBUG_INFORMATION_FORMAT = "dwarf-with-dsym";
				ENABLE_NS_ASSERTIONS = NO;
				ENABLE_STRICT_OBJC_MSGSEND = YES;
				GCC_C_LANGUAGE_STANDARD = gnu11;
				GCC_NO_COMMON_BLOCKS = YES;
				GCC_WARN_64_TO_32_BIT_CONVERSION = YES;
				GCC_WARN_ABOUT_RETURN_TYPE = YES_ERROR;
				GCC_WARN_UNDECLARED_SELECTOR = YES;
				GCC_WARN_UNINITIALIZED_AUTOS = YES_AGGRESSIVE;
				GCC_WARN_UNUSED_FUNCTION = YES;
				GCC_WARN_UNUSED_VARIABLE = YES;
				IPHONEOS_DEPLOYMENT_TARGET = 16.0;
				MTL_ENABLE_DEBUG_INFO = NO;
				MTL_FAST_MATH = YES;
				SDKROOT = iphoneos;
				SWIFT_COMPILATION_MODE = wholemodule;
				SWIFT_OPTIMIZATION_LEVEL = "-O";
				VALIDATE_PRODUCT = YES;
			};
			name = Release;
		};
		83669CE6296C010A00B7642E /* Debug */ = {
			isa = XCBuildConfiguration;
			buildSettings = {
				ASSETCATALOG_COMPILER_APPICON_NAME = AppIcon;
				ASSETCATALOG_COMPILER_GLOBAL_ACCENT_COLOR_NAME = AccentColor;
				CODE_SIGN_STYLE = Automatic;
				CURRENT_PROJECT_VERSION = 1;
				DEVELOPMENT_ASSET_PATHS = "\"BillDemo/Preview Content\"";
				DEVELOPMENT_TEAM = DRZWHQZPM3;
				ENABLE_PREVIEWS = YES;
				GENERATE_INFOPLIST_FILE = YES;
				INFOPLIST_KEY_UIApplicationSceneManifest_Generation = YES;
				INFOPLIST_KEY_UIApplicationSupportsIndirectInputEvents = YES;
				INFOPLIST_KEY_UILaunchScreen_Generation = YES;
				INFOPLIST_KEY_UISupportedInterfaceOrientations_iPad = "UIInterfaceOrientationPortrait UIInterfaceOrientationPortraitUpsideDown UIInterfaceOrientationLandscapeLeft UIInterfaceOrientationLandscapeRight";
				INFOPLIST_KEY_UISupportedInterfaceOrientations_iPhone = "UIInterfaceOrientationPortrait UIInterfaceOrientationLandscapeLeft UIInterfaceOrientationLandscapeRight";
				LD_RUNPATH_SEARCH_PATHS = (
					"$(inherited)",
					"@executable_path/Frameworks",
				);
				MARKETING_VERSION = 1.0;
				PRODUCT_BUNDLE_IDENTIFIER = com.jason.BillDemo;
				PRODUCT_NAME = "$(TARGET_NAME)";
				SWIFT_EMIT_LOC_STRINGS = YES;
				SWIFT_VERSION = 5.0;
				TARGETED_DEVICE_FAMILY = "1,2";
			};
			name = Debug;
		};
		83669CE7296C010A00B7642E /* Release */ = {
			isa = XCBuildConfiguration;
			buildSettings = {
				ASSETCATALOG_COMPILER_APPICON_NAME = AppIcon;
				ASSETCATALOG_COMPILER_GLOBAL_ACCENT_COLOR_NAME = AccentColor;
				CODE_SIGN_STYLE = Automatic;
				CURRENT_PROJECT_VERSION = 1;
				DEVELOPMENT_ASSET_PATHS = "\"BillDemo/Preview Content\"";
				DEVELOPMENT_TEAM = DRZWHQZPM3;
				ENABLE_PREVIEWS = YES;
				GENERATE_INFOPLIST_FILE = YES;
				INFOPLIST_KEY_UIApplicationSceneManifest_Generation = YES;
				INFOPLIST_KEY_UIApplicationSupportsIndirectInputEvents = YES;
				INFOPLIST_KEY_UILaunchScreen_Generation = YES;
				INFOPLIST_KEY_UISupportedInterfaceOrientations_iPad = "UIInterfaceOrientationPortrait UIInterfaceOrientationPortraitUpsideDown UIInterfaceOrientationLandscapeLeft UIInterfaceOrientationLandscapeRight";
				INFOPLIST_KEY_UISupportedInterfaceOrientations_iPhone = "UIInterfaceOrientationPortrait UIInterfaceOrientationLandscapeLeft UIInterfaceOrientationLandscapeRight";
				LD_RUNPATH_SEARCH_PATHS = (
					"$(inherited)",
					"@executable_path/Frameworks",
				);
				MARKETING_VERSION = 1.0;
				PRODUCT_BUNDLE_IDENTIFIER = com.jason.BillDemo;
				PRODUCT_NAME = "$(TARGET_NAME)";
				SWIFT_EMIT_LOC_STRINGS = YES;
				SWIFT_VERSION = 5.0;
				TARGETED_DEVICE_FAMILY = "1,2";
			};
			name = Release;
		};
/* End XCBuildConfiguration section */

/* Begin XCConfigurationList section */
		83669CD2296C010900B7642E /* Build configuration list for PBXProject "BillDemo" */ = {
			isa = XCConfigurationList;
			buildConfigurations = (
				83669CE3296C010A00B7642E /* Debug */,
				83669CE4296C010A00B7642E /* Release */,
			);
			defaultConfigurationIsVisible = 0;
			defaultConfigurationName = Release;
		};
		83669CE5296C010A00B7642E /* Build configuration list for PBXNativeTarget "BillDemo" */ = {
			isa = XCConfigurationList;
			buildConfigurations = (
				83669CE6296C010A00B7642E /* Debug */,
				83669CE7296C010A00B7642E /* Release */,
			);
			defaultConfigurationIsVisible = 0;
			defaultConfigurationName = Release;
		};
/* End XCConfigurationList section */
	};
	rootObject = 83669CCF296C010900B7642E /* Project object */;
}
