// !$*UTF8*$!
{
	archiveVersion = 1;
	classes = {
	};
	objectVersion = 55;
	objects = {

/* Begin PBXBuildFile section */
		A419200E2822B75200E869EA /* Expense.swift in Sources */ = {isa = PBXBuildFile; fileRef = A419200D2822B75200E869EA /* Expense.swift */; };
		A41920122823F77800E869EA /* ContentView.swift in Sources */ = {isa = PBXBuildFile; fileRef = A41920112823F77800E869EA /* ContentView.swift */; };
		A41920142823FAE400E869EA /* HomeView.swift in Sources */ = {isa = PBXBuildFile; fileRef = A41920132823FAE400E869EA /* HomeView.swift */; };
		A419201B2827FD0200E869EA /* AddView.swift in Sources */ = {isa = PBXBuildFile; fileRef = A419201A2827FD0200E869EA /* AddView.swift */; };
		A419201D2827FD0800E869EA /* EditView.swift in Sources */ = {isa = PBXBuildFile; fileRef = A419201C2827FD0800E869EA /* EditView.swift */; };
		A41920212828056400E869EA /* DraftExpenseItem.swift in Sources */ = {isa = PBXBuildFile; fileRef = A41920202828056400E869EA /* DraftExpenseItem.swift */; };
		A419204C282AB97800E869EA /* ExpenseItemView.swift in Sources */ = {isa = PBXBuildFile; fileRef = A419204B282AB97800E869EA /* ExpenseItemView.swift */; };
		A4192051282C019C00E869EA /* LabelDemo.swift in Sources */ = {isa = PBXBuildFile; fileRef = A4192050282C019C00E869EA /* LabelDemo.swift */; };
		A4F510D4281ED87600D29ACE /* ExpenseApp.swift in Sources */ = {isa = PBXBuildFile; fileRef = A4F510D3281ED87600D29ACE /* ExpenseApp.swift */; };
		A4F510D8281ED87700D29ACE /* Assets.xcassets in Resources */ = {isa = PBXBuildFile; fileRef = A4F510D7281ED87700D29ACE /* Assets.xcassets */; };
		A4F510DB281ED87700D29ACE /* Preview Assets.xcassets in Resources */ = {isa = PBXBuildFile; fileRef = A4F510DA281ED87700D29ACE /* Preview Assets.xcassets */; };
		A4F510E2281ED91C00D29ACE /* ExpenseItem.swift in Sources */ = {isa = PBXBuildFile; fileRef = A4F510E1281ED91C00D29ACE /* ExpenseItem.swift */; };
/* End PBXBuildFile section */

/* Begin PBXFileReference section */
		A419200D2822B75200E869EA /* Expense.swift */ = {isa = PBXFileReference; lastKnownFileType = sourcecode.swift; path = Expense.swift; sourceTree = "<group>"; };
		A41920112823F77800E869EA /* ContentView.swift */ = {isa = PBXFileReference; fileEncoding = 4; lastKnownFileType = sourcecode.swift; path = ContentView.swift; sourceTree = "<group>"; };
		A41920132823FAE400E869EA /* HomeView.swift */ = {isa = PBXFileReference; lastKnownFileType = sourcecode.swift; path = HomeView.swift; sourceTree = "<group>"; };
		A419201A2827FD0200E869EA /* AddView.swift */ = {isa = PBXFileReference; lastKnownFileType = sourcecode.swift; path = AddView.swift; sourceTree = "<group>"; };
		A419201C2827FD0800E869EA /* EditView.swift */ = {isa = PBXFileReference; lastKnownFileType = sourcecode.swift; path = EditView.swift; sourceTree = "<group>"; };
		A41920202828056400E869EA /* DraftExpenseItem.swift */ = {isa = PBXFileReference; lastKnownFileType = sourcecode.swift; path = DraftExpenseItem.swift; sourceTree = "<group>"; };
		A419204B282AB97800E869EA /* ExpenseItemView.swift */ = {isa = PBXFileReference; lastKnownFileType = sourcecode.swift; path = ExpenseItemView.swift; sourceTree = "<group>"; };
		A4192050282C019C00E869EA /* LabelDemo.swift */ = {isa = PBXFileReference; lastKnownFileType = sourcecode.swift; path = LabelDemo.swift; sourceTree = "<group>"; };
		A4F510D0281ED87600D29ACE /* Expense.app */ = {isa = PBXFileReference; explicitFileType = wrapper.application; includeInIndex = 0; path = Expense.app; sourceTree = BUILT_PRODUCTS_DIR; };
		A4F510D3281ED87600D29ACE /* ExpenseApp.swift */ = {isa = PBXFileReference; lastKnownFileType = sourcecode.swift; path = ExpenseApp.swift; sourceTree = "<group>"; };
		A4F510D7281ED87700D29ACE /* Assets.xcassets */ = {isa = PBXFileReference; lastKnownFileType = folder.assetcatalog; path = Assets.xcassets; sourceTree = "<group>"; };
		A4F510DA281ED87700D29ACE /* Preview Assets.xcassets */ = {isa = PBXFileReference; lastKnownFileType = folder.assetcatalog; path = "Preview Assets.xcassets"; sourceTree = "<group>"; };
		A4F510E1281ED91C00D29ACE /* ExpenseItem.swift */ = {isa = PBXFileReference; lastKnownFileType = sourcecode.swift; path = ExpenseItem.swift; sourceTree = "<group>"; };
/* End PBXFileReference section */

/* Begin PBXFrameworksBuildPhase section */
		A4F510CD281ED87600D29ACE /* Frameworks */ = {
			isa = PBXFrameworksBuildPhase;
			buildActionMask = 2147483647;
			files = (
			);
			runOnlyForDeploymentPostprocessing = 0;
		};
/* End PBXFrameworksBuildPhase section */

/* Begin PBXGroup section */
		A41920152824031300E869EA /* Model */ = {
			isa = PBXGroup;
			children = (
				A4F510E1281ED91C00D29ACE /* ExpenseItem.swift */,
			);
			path = Model;
			sourceTree = "<group>";
		};
		A41920162824031A00E869EA /* ViewModel */ = {
			isa = PBXGroup;
			children = (
				A419200D2822B75200E869EA /* Expense.swift */,
				A41920202828056400E869EA /* DraftExpenseItem.swift */,
			);
			path = ViewModel;
			sourceTree = "<group>";
		};
		A41920172824033D00E869EA /* View */ = {
			isa = PBXGroup;
			children = (
				A41920132823FAE400E869EA /* HomeView.swift */,
				A41920112823F77800E869EA /* ContentView.swift */,
				A419204B282AB97800E869EA /* ExpenseItemView.swift */,
				A419201A2827FD0200E869EA /* AddView.swift */,
				A419201C2827FD0800E869EA /* EditView.swift */,
			);
			path = View;
			sourceTree = "<group>";
		};
		A419204F282C015800E869EA /* Common */ = {
			isa = PBXGroup;
			children = (
				A4192050282C019C00E869EA /* LabelDemo.swift */,
			);
			path = Common;
			sourceTree = "<group>";
		};
		A4F510C7281ED87600D29ACE = {
			isa = PBXGroup;
			children = (
				A4F510D2281ED87600D29ACE /* Expense */,
				A4F510D1281ED87600D29ACE /* Products */,
			);
			sourceTree = "<group>";
		};
		A4F510D1281ED87600D29ACE /* Products */ = {
			isa = PBXGroup;
			children = (
				A4F510D0281ED87600D29ACE /* Expense.app */,
			);
			name = Products;
			sourceTree = "<group>";
		};
		A4F510D2281ED87600D29ACE /* Expense */ = {
			isa = PBXGroup;
			children = (
				A4F510D3281ED87600D29ACE /* ExpenseApp.swift */,
				A41920152824031300E869EA /* Model */,
				A41920162824031A00E869EA /* ViewModel */,
				A41920172824033D00E869EA /* View */,
				A419204F282C015800E869EA /* Common */,
				A4F510D7281ED87700D29ACE /* Assets.xcassets */,
				A4F510D9281ED87700D29ACE /* Preview Content */,
			);
			path = Expense;
			sourceTree = "<group>";
		};
		A4F510D9281ED87700D29ACE /* Preview Content */ = {
			isa = PBXGroup;
			children = (
				A4F510DA281ED87700D29ACE /* Preview Assets.xcassets */,
			);
			path = "Preview Content";
			sourceTree = "<group>";
		};
/* End PBXGroup section */

/* Begin PBXNativeTarget section */
		A4F510CF281ED87600D29ACE /* Expense */ = {
			isa = PBXNativeTarget;
			buildConfigurationList = A4F510DE281ED87700D29ACE /* Build configuration list for PBXNativeTarget "Expense" */;
			buildPhases = (
				A4F510CC281ED87600D29ACE /* Sources */,
				A4F510CD281ED87600D29ACE /* Frameworks */,
				A4F510CE281ED87600D29ACE /* Resources */,
			);
			buildRules = (
			);
			dependencies = (
			);
			name = Expense;
			productName = Expense;
			productReference = A4F510D0281ED87600D29ACE /* Expense.app */;
			productType = "com.apple.product-type.application";
		};
/* End PBXNativeTarget section */

/* Begin PBXProject section */
		A4F510C8281ED87600D29ACE /* Project object */ = {
			isa = PBXProject;
			attributes = {
				BuildIndependentTargetsInParallel = 1;
				LastSwiftUpdateCheck = 1330;
				LastUpgradeCheck = 1330;
				TargetAttributes = {
					A4F510CF281ED87600D29ACE = {
						CreatedOnToolsVersion = 13.3.1;
					};
				};
			};
			buildConfigurationList = A4F510CB281ED87600D29ACE /* Build configuration list for PBXProject "Expense" */;
			compatibilityVersion = "Xcode 13.0";
			developmentRegion = en;
			hasScannedForEncodings = 0;
			knownRegions = (
				en,
				Base,
				"zh-Hans",
			);
			mainGroup = A4F510C7281ED87600D29ACE;
			productRefGroup = A4F510D1281ED87600D29ACE /* Products */;
			projectDirPath = "";
			projectRoot = "";
			targets = (
				A4F510CF281ED87600D29ACE /* Expense */,
			);
		};
/* End PBXProject section */

/* Begin PBXResourcesBuildPhase section */
		A4F510CE281ED87600D29ACE /* Resources */ = {
			isa = PBXResourcesBuildPhase;
			buildActionMask = 2147483647;
			files = (
				A4F510DB281ED87700D29ACE /* Preview Assets.xcassets in Resources */,
				A4F510D8281ED87700D29ACE /* Assets.xcassets in Resources */,
			);
			runOnlyForDeploymentPostprocessing = 0;
		};
/* End PBXResourcesBuildPhase section */

/* Begin PBXSourcesBuildPhase section */
		A4F510CC281ED87600D29ACE /* Sources */ = {
			isa = PBXSourcesBuildPhase;
			buildActionMask = 2147483647;
			files = (
				A419201B2827FD0200E869EA /* AddView.swift in Sources */,
				A4192051282C019C00E869EA /* LabelDemo.swift in Sources */,
				A41920212828056400E869EA /* DraftExpenseItem.swift in Sources */,
				A419201D2827FD0800E869EA /* EditView.swift in Sources */,
				A41920122823F77800E869EA /* ContentView.swift in Sources */,
				A4F510E2281ED91C00D29ACE /* ExpenseItem.swift in Sources */,
				A41920142823FAE400E869EA /* HomeView.swift in Sources */,
				A4F510D4281ED87600D29ACE /* ExpenseApp.swift in Sources */,
				A419204C282AB97800E869EA /* ExpenseItemView.swift in Sources */,
				A419200E2822B75200E869EA /* Expense.swift in Sources */,
			);
			runOnlyForDeploymentPostprocessing = 0;
		};
/* End PBXSourcesBuildPhase section */

/* Begin XCBuildConfiguration section */
		A4F510DC281ED87700D29ACE /* Debug */ = {
			isa = XCBuildConfiguration;
			buildSettings = {
				ALWAYS_SEARCH_USER_PATHS = NO;
				CLANG_ANALYZER_NONNULL = YES;
				CLANG_ANALYZER_NUMBER_OBJECT_CONVERSION = YES_AGGRESSIVE;
				CLANG_CXX_LANGUAGE_STANDARD = "gnu++17";
				CLANG_ENABLE_MODULES = YES;
				CLANG_ENABLE_OBJC_ARC = YES;
				CLANG_ENABLE_OBJC_WEAK = YES;
				CLANG_WARN_BLOCK_CAPTURE_AUTORELEASING = YES;
				CLANG_WARN_BOOL_CONVERSION = YES;
				CLANG_WARN_COMMA = YES;
				CLANG_WARN_CONSTANT_CONVERSION = YES;
				CLANG_WARN_DEPRECATED_OBJC_IMPLEMENTATIONS = YES;
				CLANG_WARN_DIRECT_OBJC_ISA_USAGE = YES_ERROR;
				CLANG_WARN_DOCUMENTATION_COMMENTS = YES;
				CLANG_WARN_EMPTY_BODY = YES;
				CLANG_WARN_ENUM_CONVERSION = YES;
				CLANG_WARN_INFINITE_RECURSION = YES;
				CLANG_WARN_INT_CONVERSION = YES;
				CLANG_WARN_NON_LITERAL_NULL_CONVERSION = YES;
				CLANG_WARN_OBJC_IMPLICIT_RETAIN_SELF = YES;
				CLANG_WARN_OBJC_LITERAL_CONVERSION = YES;
				CLANG_WARN_OBJC_ROOT_CLASS = YES_ERROR;
				CLANG_WARN_QUOTED_INCLUDE_IN_FRAMEWORK_HEADER = YES;
				CLANG_WARN_RANGE_LOOP_ANALYSIS = YES;
				CLANG_WARN_STRICT_PROTOTYPES = YES;
				CLANG_WARN_SUSPICIOUS_MOVE = YES;
				CLANG_WARN_UNGUARDED_AVAILABILITY = YES_AGGRESSIVE;
				CLANG_WARN_UNREACHABLE_CODE = YES;
				CLANG_WARN__DUPLICATE_METHOD_MATCH = YES;
				COPY_PHASE_STRIP = NO;
				DEBUG_INFORMATION_FORMAT = dwarf;
				ENABLE_STRICT_OBJC_MSGSEND = YES;
				ENABLE_TESTABILITY = YES;
				GCC_C_LANGUAGE_STANDARD = gnu11;
				GCC_DYNAMIC_NO_PIC = NO;
				GCC_NO_COMMON_BLOCKS = YES;
				GCC_OPTIMIZATION_LEVEL = 0;
				GCC_PREPROCESSOR_DEFINITIONS = (
					"DEBUG=1",
					"$(inherited)",
				);
				GCC_WARN_64_TO_32_BIT_CONVERSION = YES;
				GCC_WARN_ABOUT_RETURN_TYPE = YES_ERROR;
				GCC_WARN_UNDECLARED_SELECTOR = YES;
				GCC_WARN_UNINITIALIZED_AUTOS = YES_AGGRESSIVE;
				GCC_WARN_UNUSED_FUNCTION = YES;
				GCC_WARN_UNUSED_VARIABLE = YES;
				IPHONEOS_DEPLOYMENT_TARGET = 15.4;
				MTL_ENABLE_DEBUG_INFO = INCLUDE_SOURCE;
				MTL_FAST_MATH = YES;
				ONLY_ACTIVE_ARCH = YES;
				SDKROOT = iphoneos;
				SWIFT_ACTIVE_COMPILATION_CONDITIONS = DEBUG;
				SWIFT_OPTIMIZATION_LEVEL = "-Onone";
			};
			name = Debug;
		};
		A4F510DD281ED87700D29ACE /* Release */ = {
			isa = XCBuildConfiguration;
			buildSettings = {
				ALWAYS_SEARCH_USER_PATHS = NO;
				CLANG_ANALYZER_NONNULL = YES;
				CLANG_ANALYZER_NUMBER_OBJECT_CONVERSION = YES_AGGRESSIVE;
				CLANG_CXX_LANGUAGE_STANDARD = "gnu++17";
				CLANG_ENABLE_MODULES = YES;
				CLANG_ENABLE_OBJC_ARC = YES;
				CLANG_ENABLE_OBJC_WEAK = YES;
				CLANG_WARN_BLOCK_CAPTURE_AUTORELEASING = YES;
				CLANG_WARN_BOOL_CONVERSION = YES;
				CLANG_WARN_COMMA = YES;
				CLANG_WARN_CONSTANT_CONVERSION = YES;
				CLANG_WARN_DEPRECATED_OBJC_IMPLEMENTATIONS = YES;
				CLANG_WARN_DIRECT_OBJC_ISA_USAGE = YES_ERROR;
				CLANG_WARN_DOCUMENTATION_COMMENTS = YES;
				CLANG_WARN_EMPTY_BODY = YES;
				CLANG_WARN_ENUM_CONVERSION = YES;
				CLANG_WARN_INFINITE_RECURSION = YES;
				CLANG_WARN_INT_CONVERSION = YES;
				CLANG_WARN_NON_LITERAL_NULL_CONVERSION = YES;
				CLANG_WARN_OBJC_IMPLICIT_RETAIN_SELF = YES;
				CLANG_WARN_OBJC_LITERAL_CONVERSION = YES;
				CLANG_WARN_OBJC_ROOT_CLASS = YES_ERROR;
				CLANG_WARN_QUOTED_INCLUDE_IN_FRAMEWORK_HEADER = YES;
				CLANG_WARN_RANGE_LOOP_ANALYSIS = YES;
				CLANG_WARN_STRICT_PROTOTYPES = YES;
				CLANG_WARN_SUSPICIOUS_MOVE = YES;
				CLANG_WARN_UNGUARDED_AVAILABILITY = YES_AGGRESSIVE;
				CLANG_WARN_UNREACHABLE_CODE = YES;
				CLANG_WARN__DUPLICATE_METHOD_MATCH = YES;
				COPY_PHASE_STRIP = NO;
				DEBUG_INFORMATION_FORMAT = "dwarf-with-dsym";
				ENABLE_NS_ASSERTIONS = NO;
				ENABLE_STRICT_OBJC_MSGSEND = YES;
				GCC_C_LANGUAGE_STANDARD = gnu11;
				GCC_NO_COMMON_BLOCKS = YES;
				GCC_WARN_64_TO_32_BIT_CONVERSION = YES;
				GCC_WARN_ABOUT_RETURN_TYPE = YES_ERROR;
				GCC_WARN_UNDECLARED_SELECTOR = YES;
				GCC_WARN_UNINITIALIZED_AUTOS = YES_AGGRESSIVE;
				GCC_WARN_UNUSED_FUNCTION = YES;
				GCC_WARN_UNUSED_VARIABLE = YES;
				IPHONEOS_DEPLOYMENT_TARGET = 15.4;
				MTL_ENABLE_DEBUG_INFO = NO;
				MTL_FAST_MATH = YES;
				SDKROOT = iphoneos;
				SWIFT_COMPILATION_MODE = wholemodule;
				SWIFT_OPTIMIZATION_LEVEL = "-O";
				VALIDATE_PRODUCT = YES;
			};
			name = Release;
		};
		A4F510DF281ED87700D29ACE /* Debug */ = {
			isa = XCBuildConfiguration;
			buildSettings = {
				ASSETCATALOG_COMPILER_APPICON_NAME = AppIcon;
				ASSETCATALOG_COMPILER_GLOBAL_ACCENT_COLOR_NAME = AccentColor;
				CODE_SIGN_STYLE = Automatic;
				CURRENT_PROJECT_VERSION = 1;
				DEVELOPMENT_ASSET_PATHS = "\"Expense/Preview Content\"";
				DEVELOPMENT_TEAM = R3R9W3ZDBN;
				ENABLE_PREVIEWS = YES;
				GENERATE_INFOPLIST_FILE = YES;
				INFOPLIST_KEY_UIApplicationSceneManifest_Generation = YES;
				INFOPLIST_KEY_UIApplicationSupportsIndirectInputEvents = YES;
				INFOPLIST_KEY_UILaunchScreen_Generation = YES;
				INFOPLIST_KEY_UISupportedInterfaceOrientations_iPad = "UIInterfaceOrientationPortrait UIInterfaceOrientationPortraitUpsideDown UIInterfaceOrientationLandscapeLeft UIInterfaceOrientationLandscapeRight";
				INFOPLIST_KEY_UISupportedInterfaceOrientations_iPhone = "UIInterfaceOrientationPortrait UIInterfaceOrientationLandscapeLeft UIInterfaceOrientationLandscapeRight";
				LD_RUNPATH_SEARCH_PATHS = (
					"$(inherited)",
					"@executable_path/Frameworks",
				);
				MARKETING_VERSION = 1.0;
				PRODUCT_BUNDLE_IDENTIFIER = com.rongcosme.Expense;
				PRODUCT_NAME = "$(TARGET_NAME)";
				SWIFT_EMIT_LOC_STRINGS = YES;
				SWIFT_VERSION = 5.0;
				TARGETED_DEVICE_FAMILY = "1,2";
			};
			name = Debug;
		};
		A4F510E0281ED87700D29ACE /* Release */ = {
			isa = XCBuildConfiguration;
			buildSettings = {
				ASSETCATALOG_COMPILER_APPICON_NAME = AppIcon;
				ASSETCATALOG_COMPILER_GLOBAL_ACCENT_COLOR_NAME = AccentColor;
				CODE_SIGN_STYLE = Automatic;
				CURRENT_PROJECT_VERSION = 1;
				DEVELOPMENT_ASSET_PATHS = "\"Expense/Preview Content\"";
				DEVELOPMENT_TEAM = R3R9W3ZDBN;
				ENABLE_PREVIEWS = YES;
				GENERATE_INFOPLIST_FILE = YES;
				INFOPLIST_KEY_UIApplicationSceneManifest_Generation = YES;
				INFOPLIST_KEY_UIApplicationSupportsIndirectInputEvents = YES;
				INFOPLIST_KEY_UILaunchScreen_Generation = YES;
				INFOPLIST_KEY_UISupportedInterfaceOrientations_iPad = "UIInterfaceOrientationPortrait UIInterfaceOrientationPortraitUpsideDown UIInterfaceOrientationLandscapeLeft UIInterfaceOrientationLandscapeRight";
				INFOPLIST_KEY_UISupportedInterfaceOrientations_iPhone = "UIInterfaceOrientationPortrait UIInterfaceOrientationLandscapeLeft UIInterfaceOrientationLandscapeRight";
				LD_RUNPATH_SEARCH_PATHS = (
					"$(inherited)",
					"@executable_path/Frameworks",
				);
				MARKETING_VERSION = 1.0;
				PRODUCT_BUNDLE_IDENTIFIER = com.rongcosme.Expense;
				PRODUCT_NAME = "$(TARGET_NAME)";
				SWIFT_EMIT_LOC_STRINGS = YES;
				SWIFT_VERSION = 5.0;
				TARGETED_DEVICE_FAMILY = "1,2";
			};
			name = Release;
		};
/* End XCBuildConfiguration section */

/* Begin XCConfigurationList section */
		A4F510CB281ED87600D29ACE /* Build configuration list for PBXProject "Expense" */ = {
			isa = XCConfigurationList;
			buildConfigurations = (
				A4F510DC281ED87700D29ACE /* Debug */,
				A4F510DD281ED87700D29ACE /* Release */,
			);
			defaultConfigurationIsVisible = 0;
			defaultConfigurationName = Release;
		};
		A4F510DE281ED87700D29ACE /* Build configuration list for PBXNativeTarget "Expense" */ = {
			isa = XCConfigurationList;
			buildConfigurations = (
				A4F510DF281ED87700D29ACE /* Debug */,
				A4F510E0281ED87700D29ACE /* Release */,
			);
			defaultConfigurationIsVisible = 0;
			defaultConfigurationName = Release;
		};
/* End XCConfigurationList section */
	};
	rootObject = A4F510C8281ED87600D29ACE /* Project object */;
}
